hash: bbd40252027b1738a6e32e4f9c8286900d1063aee2877024eda61742496f233b
updated: 2016-02-26T09:19:41.354629557-08:00
imports:
- name: github.com/ereyes01/firebase
  version: ac2ed844d78dd01b75804bb5b1741bb142ba35e8
- name: github.com/facebookgo/httpcontrol
  version: ccde4420e1fee9af5da365cb76075b95683f39a6
devImports: []
